
Microsoft Visual Studio Solution File, Format Version 12.00
# Visual Studio Version 17
VisualStudioVersion = 17.1.32421.90
MinimumVisualStudioVersion = 10.0.40219.1
Project("{FAE04EC0-301F-11D3-BF4B-00C04F79EFBC}") = "programgridtv", "programgridtv\programgridtv.csproj", "{3DA74CE7-83E5-4E32-81F8-CFA2C617EC8C}"
EndProject
Global
	GlobalSection(SolutionConfigurationPlatforms) = preSolution
		Debug|Any CPU = Debug|Any CPU
		Release|Any CPU = Release|Any CPU
	EndGlobalSection
	GlobalSection(ProjectConfigurationPlatforms) = postSolution
		{3DA74CE7-83E5-4E32-81F8-CFA2C617EC8C}.Debug|Any CPU.ActiveCfg = Debug|Any CPU
		{3DA74CE7-83E5-4E32-81F8-CFA2C617EC8C}.Debug|Any CPU.Build.0 = Debug|Any CPU
		{3DA74CE7-83E5-4E32-81F8-CFA2C617EC8C}.Release|Any CPU.ActiveCfg = Release|Any CPU
		{3DA74CE7-83E5-4E32-81F8-CFA2C617EC8C}.Release|Any CPU.Build.0 = Release|Any CPU
	EndGlobalSection
	GlobalSection(SolutionProperties) = preSolution
		HideSolutionNode = FALSE
	EndGlobalSection
	GlobalSection(ExtensibilityGlobals) = postSolution
		SolutionGuid = {19ABF1BA-79C1-4A48-A617-7C6A740D08D0}
	EndGlobalSection
EndGlobal
